
Microsoft Visual Studio Solution File, Format Version 12.00
# Visual Studio Version 17
VisualStudioVersion = 17.5.33502.453
MinimumVisualStudioVersion = 10.0.40219.1
Project("{FAE04EC0-301F-11D3-BF4B-00C04F79EFBC}") = "Online Banking Transaction", "Online Banking Transaction\Online Banking Transaction.csproj", "{51263D70-1CCA-4740-837A-A1A6E2685FA1}"
EndProject
Global
	GlobalSection(SolutionConfigurationPlatforms) = preSolution
		Debug|Any CPU = Debug|Any CPU
		Release|Any CPU = Release|Any CPU
	EndGlobalSection
	GlobalSection(ProjectConfigurationPlatforms) = postSolution
		{51263D70-1CCA-4740-837A-A1A6E2685FA1}.Debug|Any CPU.ActiveCfg = Debug|Any CPU
		{51263D70-1CCA-4740-837A-A1A6E2685FA1}.Debug|Any CPU.Build.0 = Debug|Any CPU
		{51263D70-1CCA-4740-837A-A1A6E2685FA1}.Release|Any CPU.ActiveCfg = Release|Any CPU
		{51263D70-1CCA-4740-837A-A1A6E2685FA1}.Release|Any CPU.Build.0 = Release|Any CPU
	EndGlobalSection
	GlobalSection(SolutionProperties) = preSolution
		HideSolutionNode = FALSE
	EndGlobalSection
	GlobalSection(ExtensibilityGlobals) = postSolution
		SolutionGuid = {F3623CFD-C5E7-41E7-B925-7F4E16C72EEE}
	EndGlobalSection
EndGlobal
